{
  "name": "ninjutsu-build-tests",
  "version": "0.0.1",
  "lockfileVersion": 3,
  "requires": true,
  "packages": {
    "": {
      "name": "ninjutsu-build-tests",
      "version": "0.0.1",
      "license": "MIT",
      "devDependencies": {
        "@ninjutsu-build/core": "file:../.builddir/ninjutsu-build-core.tgz",
        "@ninjutsu-build/node": "file:../.builddir/ninjutsu-build-node.tgz",
        "@ninjutsu-build/tsc": "file:../.builddir/ninjutsu-build-tsc.tgz",
        "@types/node": "^20.10.5",
        "tsafe": "^1.6.5",
        "typescript": "^5.2.2"
      }
    },
    "node_modules/@ninjutsu-build/core": {
      "version": "0.5.1",
      "resolved": "file:../.builddir/ninjutsu-build-core.tgz",
      "integrity": "sha512-kDrSWcLMJYvp5e37Fw0dij7SQ3II56IlRJqc11bi1seJ9Souf457UDQWPXjZAWpWtBwlazt4Uf/DgePigdwMfA==",
      "dev": true,
      "license": "MIT",
      "engines": {
        "node": ">=18.0.0"
      }
    },
    "node_modules/@ninjutsu-build/node": {
      "version": "0.5.0",
      "resolved": "file:../.builddir/ninjutsu-build-node.tgz",
      "integrity": "sha512-jFilZ+aXuw+SRl9dQSuFip6I4CoZpLoTROtnTpiZPew55QJRvsK3P3d0TQFAd9ZGIrCBsQjmqwT1GwbVekDaqw==",
      "dev": true,
      "license": "MIT",
      "engines": {
        "node": ">=18.18.0"
      },
      "peerDependencies": {
        "@ninjutsu-build/core": "^0.5.0"
      }
    },
    "node_modules/@ninjutsu-build/tsc": {
      "version": "0.5.1",
      "resolved": "file:../.builddir/ninjutsu-build-tsc.tgz",
      "integrity": "sha512-FihP9osrGtkSGDx9POmeRMWoBSiutMaIlWvDOZEN5fFHzKV0/v7dJqPgj1IqU7qOYd3vNSBYmfTZiowMjyI4HQ==",
      "dev": true,
      "license": "MIT",
      "dependencies": {
        "typescript": "^5.2.2"
      },
      "engines": {
        "node": ">=18.0.0"
      },
      "peerDependencies": {
        "@ninjutsu-build/core": "^0.5.0"
      }
    },
    "node_modules/@types/node": {
      "version": "20.10.6",
      "resolved": "https://registry.npmjs.org/@types/node/-/node-20.10.6.tgz",
      "integrity": "sha512-Vac8H+NlRNNlAmDfGUP7b5h/KA+AtWIzuXy0E6OyP8f1tCLYAtPvKRRDJjAPqhpCb0t6U2j7/xqAuLEebW2kiw==",
      "dev": true,
      "dependencies": {
        "undici-types": "~5.26.4"
      }
    },
    "node_modules/tsafe": {
      "version": "1.6.5",
      "resolved": "https://registry.npmjs.org/tsafe/-/tsafe-1.6.5.tgz",
      "integrity": "sha512-895zss8xqqHKTc28sHGIfZKnt3C5jrstB1DyPr/h3/flK0zojsZUMQL1/W4ytdDW6KI4Oth62nb9rrxmA3s3Iw==",
      "dev": true
    },
    "node_modules/typescript": {
      "version": "5.3.3",
      "resolved": "https://registry.npmjs.org/typescript/-/typescript-5.3.3.tgz",
      "integrity": "sha512-pXWcraxM0uxAS+tN0AG/BF2TyqmHO014Z070UsJ+pFvYuRSq8KH8DmWpnbXe0pEPDHXZV3FcAbJkijJ5oNEnWw==",
      "dev": true,
      "bin": {
        "tsc": "bin/tsc",
        "tsserver": "bin/tsserver"
      },
      "engines": {
        "node": ">=14.17"
      }
    },
    "node_modules/undici-types": {
      "version": "5.26.5",
      "resolved": "https://registry.npmjs.org/undici-types/-/undici-types-5.26.5.tgz",
      "integrity": "sha512-JlCMO+ehdEIKqlFxk6IfVoAUVmgz7cU7zD/h9XZ0qzeosSHmUJVOzSQvvYSYWXkFXC+IfLKSIffhv0sVZup6pA==",
      "dev": true
    }
  }
}
