{
  "name": "ninjutsu-build-tests",
  "version": "0.0.1",
  "lockfileVersion": 3,
  "requires": true,
  "packages": {
    "": {
      "name": "ninjutsu-build-tests",
      "version": "0.0.1",
      "license": "MIT",
      "devDependencies": {
        "@ninjutsu-build/biome": "^0.4.0",
        "@ninjutsu-build/core": "^0.6.0",
        "@ninjutsu-build/node": "^0.6.1",
        "@ninjutsu-build/tsc": "^0.6.0",
        "@types/node": "^20.10.5",
        "tsafe": "^1.6.5",
        "typescript": "^5.2.2"
      }
    },
    "node_modules/@biomejs/biome": {
      "version": "1.5.1",
      "resolved": "https://registry.npmjs.org/@biomejs/biome/-/biome-1.5.1.tgz",
      "integrity": "sha512-rdMA/N1Zc1nxUtbXMVr+50Sg/Pezz+9qGQa2uyRWFtrCoyr3dv0pVz+0ifGGue18ip50ZH8x2r5CV7zo8Q/0mA==",
      "dev": true,
      "hasInstallScript": true,
      "peer": true,
      "bin": {
        "biome": "bin/biome"
      },
      "engines": {
        "node": ">=14.*"
      },
      "funding": {
        "type": "opencollective",
        "url": "https://opencollective.com/biome"
      },
      "optionalDependencies": {
        "@biomejs/cli-darwin-arm64": "1.5.1",
        "@biomejs/cli-darwin-x64": "1.5.1",
        "@biomejs/cli-linux-arm64": "1.5.1",
        "@biomejs/cli-linux-arm64-musl": "1.5.1",
        "@biomejs/cli-linux-x64": "1.5.1",
        "@biomejs/cli-linux-x64-musl": "1.5.1",
        "@biomejs/cli-win32-arm64": "1.5.1",
        "@biomejs/cli-win32-x64": "1.5.1"
      }
    },
    "node_modules/@biomejs/cli-darwin-arm64": {
      "version": "1.5.1",
      "resolved": "https://registry.npmjs.org/@biomejs/cli-darwin-arm64/-/cli-darwin-arm64-1.5.1.tgz",
      "integrity": "sha512-E9pLakmSVHP6UH2uqAghqEkr/IHAIDfDyCedqJVnyFc+uufNTHwB8id4XTiWy/eKIdgxHZsTSE+R+W0IqrTNVQ==",
      "cpu": [
        "arm64"
      ],
      "dev": true,
      "optional": true,
      "os": [
        "darwin"
      ],
      "peer": true,
      "engines": {
        "node": ">=14.*"
      }
    },
    "node_modules/@biomejs/cli-darwin-x64": {
      "version": "1.5.1",
      "resolved": "https://registry.npmjs.org/@biomejs/cli-darwin-x64/-/cli-darwin-x64-1.5.1.tgz",
      "integrity": "sha512-8O1F+FcoCi02JlocyilB6R3y3kT9sRkBCRwYddaBIScQe2hCme/mA2rVzrhCCHhskrclJ51GEKjkEORj4/8c2A==",
      "cpu": [
        "x64"
      ],
      "dev": true,
      "optional": true,
      "os": [
        "darwin"
      ],
      "peer": true,
      "engines": {
        "node": ">=14.*"
      }
    },
    "node_modules/@biomejs/cli-linux-arm64": {
      "version": "1.5.1",
      "resolved": "https://registry.npmjs.org/@biomejs/cli-linux-arm64/-/cli-linux-arm64-1.5.1.tgz",
      "integrity": "sha512-25gwY4FMzmi1Rl6N835raLq7nzTk+PyEQd88k9Em6dqtI4qpljqmZlMmVjOiwXKe3Ee80J/Vlh7BM36lsHUTEg==",
      "cpu": [
        "arm64"
      ],
      "dev": true,
      "optional": true,
      "os": [
        "linux"
      ],
      "peer": true,
      "engines": {
        "node": ">=14.*"
      }
    },
    "node_modules/@biomejs/cli-linux-arm64-musl": {
      "version": "1.5.1",
      "resolved": "https://registry.npmjs.org/@biomejs/cli-linux-arm64-musl/-/cli-linux-arm64-musl-1.5.1.tgz",
      "integrity": "sha512-Lw9G3LUdhRMp8L8RMeVevnfQCa7luT6ubQ8GRjLju32glxWKefpDrzgfHixGyvTQPlhnYjQ+V8/QQ/I7WPzOoA==",
      "cpu": [
        "arm64"
      ],
      "dev": true,
      "optional": true,
      "os": [
        "linux"
      ],
      "peer": true,
      "engines": {
        "node": ">=14.*"
      }
    },
    "node_modules/@biomejs/cli-linux-x64": {
      "version": "1.5.1",
      "resolved": "https://registry.npmjs.org/@biomejs/cli-linux-x64/-/cli-linux-x64-1.5.1.tgz",
      "integrity": "sha512-YDM0gZP4UbAuaBI3DVbUuj5X+Omm6uxzD1Qpc6hcduH1kzXzs9L0ee7cn/kJtNndoXR8MlmUS0O0/wWvZf2YaA==",
      "cpu": [
        "x64"
      ],
      "dev": true,
      "optional": true,
      "os": [
        "linux"
      ],
      "peer": true,
      "engines": {
        "node": ">=14.*"
      }
    },
    "node_modules/@biomejs/cli-linux-x64-musl": {
      "version": "1.5.1",
      "resolved": "https://registry.npmjs.org/@biomejs/cli-linux-x64-musl/-/cli-linux-x64-musl-1.5.1.tgz",
      "integrity": "sha512-5gapxc/VlwTgGRbTc9h8PMTpf8eNahIBauFUGSXncHgayi3VpezKSicgaQ1bb8FahVXf/5eNEVxVARq/or71Ag==",
      "cpu": [
        "x64"
      ],
      "dev": true,
      "optional": true,
      "os": [
        "linux"
      ],
      "peer": true,
      "engines": {
        "node": ">=14.*"
      }
    },
    "node_modules/@biomejs/cli-win32-arm64": {
      "version": "1.5.1",
      "resolved": "https://registry.npmjs.org/@biomejs/cli-win32-arm64/-/cli-win32-arm64-1.5.1.tgz",
      "integrity": "sha512-TVpLBOLUMLQmH2VRFBKFr3rgEkr7XvG4QZxHOxWB9Ivc/sQPvg4aHMd8qpgPKXABGUnultyc9t0+WvfIDxuALg==",
      "cpu": [
        "arm64"
      ],
      "dev": true,
      "optional": true,
      "os": [
        "win32"
      ],
      "peer": true,
      "engines": {
        "node": ">=14.*"
      }
    },
    "node_modules/@biomejs/cli-win32-x64": {
      "version": "1.5.1",
      "resolved": "https://registry.npmjs.org/@biomejs/cli-win32-x64/-/cli-win32-x64-1.5.1.tgz",
      "integrity": "sha512-qx8EKwScZmVYZjMPZ6GF3ZUmgg/N6zqh+d8vHA2E43opNCyqIPTl89sOqkc7zd1CyyABDWxsbqI9Ih6xTT6hnQ==",
      "cpu": [
        "x64"
      ],
      "dev": true,
      "optional": true,
      "os": [
        "win32"
      ],
      "peer": true,
      "engines": {
        "node": ">=14.*"
      }
    },
    "node_modules/@ninjutsu-build/biome": {
      "version": "0.4.0",
      "resolved": "https://registry.npmjs.org/@ninjutsu-build/biome/-/biome-0.4.0.tgz",
      "integrity": "sha512-wgj60F/H1Wx5+J+cBjZ/NOleC/9RC/YjAfMBLbPO3IRWP1Yy+F/YAqApQdLG1R5NlArD9YkByi9io/jcPboHGg==",
      "dev": true,
      "engines": {
        "node": ">=18.0.0"
      },
      "peerDependencies": {
        "@biomejs/biome": "^1.4.1",
        "@ninjutsu-build/core": "^0.6.0"
      }
    },
    "node_modules/@ninjutsu-build/core": {
      "version": "0.6.0",
      "resolved": "https://registry.npmjs.org/@ninjutsu-build/core/-/core-0.6.0.tgz",
      "integrity": "sha512-nZpaoOI/+NyLyQ4p9qb/Vqr6T96hko0wfcyk9Se0HIMbpMC+4Q+AuvE2J94hVxglDc5uGrlHJJjM+fLaYUNXxQ==",
      "dev": true,
      "engines": {
        "node": ">=18.0.0"
      }
    },
    "node_modules/@ninjutsu-build/node": {
      "version": "0.6.1",
      "resolved": "https://registry.npmjs.org/@ninjutsu-build/node/-/node-0.6.1.tgz",
      "integrity": "sha512-0dkXEnwK8w5OiPdy8qwh+4/R/UiOYrlIeLGMlTJxfEk/JTNXW/rDkwUGlBBJ6j1gdOHKWdkGhvg4g2ZmuYmbMg==",
      "dev": true,
      "engines": {
        "node": ">=18.18.0"
      },
      "peerDependencies": {
        "@ninjutsu-build/core": "^0.6.0"
      }
    },
    "node_modules/@ninjutsu-build/tsc": {
      "version": "0.6.0",
      "resolved": "https://registry.npmjs.org/@ninjutsu-build/tsc/-/tsc-0.6.0.tgz",
      "integrity": "sha512-pmtO/4n7Z2NgjrfL5GSp+7mcbjmkW9/41MKHO3VQH8jAMeaJrZKtnyB3qInIH2gxXJ4+jMAROZ/EP26JSVnOMg==",
      "dev": true,
      "dependencies": {
        "typescript": "^5.2.2",
        "which": "^4.0.0"
      },
      "engines": {
        "node": ">=18.0.0"
      },
      "peerDependencies": {
        "@ninjutsu-build/core": "^0.6.0"
      }
    },
    "node_modules/@types/node": {
      "version": "20.10.6",
      "resolved": "https://registry.npmjs.org/@types/node/-/node-20.10.6.tgz",
      "integrity": "sha512-Vac8H+NlRNNlAmDfGUP7b5h/KA+AtWIzuXy0E6OyP8f1tCLYAtPvKRRDJjAPqhpCb0t6U2j7/xqAuLEebW2kiw==",
      "dev": true,
      "dependencies": {
        "undici-types": "~5.26.4"
      }
    },
    "node_modules/isexe": {
      "version": "3.1.1",
      "resolved": "https://registry.npmjs.org/isexe/-/isexe-3.1.1.tgz",
      "integrity": "sha512-LpB/54B+/2J5hqQ7imZHfdU31OlgQqx7ZicVlkm9kzg9/w8GKLEcFfJl/t7DCEDueOyBAD6zCCwTO6Fzs0NoEQ==",
      "dev": true,
      "engines": {
        "node": ">=16"
      }
    },
    "node_modules/tsafe": {
      "version": "1.6.5",
      "resolved": "https://registry.npmjs.org/tsafe/-/tsafe-1.6.5.tgz",
      "integrity": "sha512-895zss8xqqHKTc28sHGIfZKnt3C5jrstB1DyPr/h3/flK0zojsZUMQL1/W4ytdDW6KI4Oth62nb9rrxmA3s3Iw==",
      "dev": true
    },
    "node_modules/typescript": {
      "version": "5.3.3",
      "resolved": "https://registry.npmjs.org/typescript/-/typescript-5.3.3.tgz",
      "integrity": "sha512-pXWcraxM0uxAS+tN0AG/BF2TyqmHO014Z070UsJ+pFvYuRSq8KH8DmWpnbXe0pEPDHXZV3FcAbJkijJ5oNEnWw==",
      "dev": true,
      "bin": {
        "tsc": "bin/tsc",
        "tsserver": "bin/tsserver"
      },
      "engines": {
        "node": ">=14.17"
      }
    },
    "node_modules/undici-types": {
      "version": "5.26.5",
      "resolved": "https://registry.npmjs.org/undici-types/-/undici-types-5.26.5.tgz",
      "integrity": "sha512-JlCMO+ehdEIKqlFxk6IfVoAUVmgz7cU7zD/h9XZ0qzeosSHmUJVOzSQvvYSYWXkFXC+IfLKSIffhv0sVZup6pA==",
      "dev": true
    },
    "node_modules/which": {
      "version": "4.0.0",
      "resolved": "https://registry.npmjs.org/which/-/which-4.0.0.tgz",
      "integrity": "sha512-GlaYyEb07DPxYCKhKzplCWBJtvxZcZMrL+4UkrTSJHHPyZU4mYYTv3qaOe77H7EODLSSopAUFAc6W8U4yqvscg==",
      "dev": true,
      "dependencies": {
        "isexe": "^3.1.1"
      },
      "bin": {
        "node-which": "bin/which.js"
      },
      "engines": {
        "node": "^16.13.0 || >=18.0.0"
      }
    }
  }
}
