{
  "name": "@ninjutsu-build/node",
  "version": "0.9.4",
  "lockfileVersion": 3,
  "requires": true,
  "packages": {
    "": {
      "name": "@ninjutsu-build/node",
      "version": "0.9.4",
      "license": "MIT",
      "engines": {
        "node": ">=18.18.0"
      },
      "peerDependencies": {
        "@ninjutsu-build/core": "^0.8.0"
      }
    },
    "node_modules/@ninjutsu-build/core": {
      "version": "0.8.0",
      "resolved": "https://registry.npmjs.org/@ninjutsu-build/core/-/core-0.8.0.tgz",
      "integrity": "sha512-ghFc9xYY6czyriOYU0dd0IAGihIPniI7AZOytlilarOZ+REH6d6/P5kCticGHq8D/muG1mZ7w+kKV4ItCeh9Mg==",
      "peer": true,
      "engines": {
        "node": ">=18.0.0"
      }
    }
  }
}
