{
  "name": "@ninjutsu-build/core",
  "version": "0.8.8",
  "lockfileVersion": 3,
  "requires": true,
  "packages": {
    "": {
      "name": "@ninjutsu-build/core",
      "version": "0.8.8",
      "license": "MIT",
      "devDependencies": {
        "tsafe": "^1.6.6"
      },
      "engines": {
        "node": ">=18.0.0"
      }
    },
    "node_modules/tsafe": {
      "version": "1.6.6",
      "resolved": "https://registry.npmjs.org/tsafe/-/tsafe-1.6.6.tgz",
      "integrity": "sha512-gzkapsdbMNwBnTIjgO758GujLCj031IgHK/PKr2mrmkCSJMhSOR5FeOuSxKLMUoYc0vAA4RGEYYbjt/v6afD3g==",
      "dev": true
    }
  }
}
