{
  "name": "@ninjutsu-build/integration",
  "version": "0.0.1",
  "lockfileVersion": 3,
  "requires": true,
  "packages": {
    "": {
      "name": "@ninjutsu-build/integration",
      "version": "0.0.1",
      "license": "MIT",
      "devDependencies": {
        "@types/node": "^20.9.0",
        "typescript": "^5.2.2"
      },
      "engines": {
        "node": ">=18.18.0"
      },
      "peerDependencies": {
        "@ninjutsu-build/core": "^0.8.5",
        "@ninjutsu-build/node": "^0.9.1"
      }
    },
    "node_modules/@ninjutsu-build/core": {
      "version": "0.8.6",
      "resolved": "https://registry.npmjs.org/@ninjutsu-build/core/-/core-0.8.6.tgz",
      "integrity": "sha512-247Bs5NqkRecB/ywbYmkc+QQVkHLTyKGWZYRyIUtJt+Ta0V8LcPB0bbkD2kOQhac0btfkJQcmC6krjJ428ZB6A==",
      "peer": true,
      "engines": {
        "node": ">=18.0.0"
      }
    },
    "node_modules/@ninjutsu-build/node": {
      "version": "0.9.1",
      "resolved": "https://registry.npmjs.org/@ninjutsu-build/node/-/node-0.9.1.tgz",
      "integrity": "sha512-k4LpxRfbEvAI8eeFbNzdB9dnQyxKghZ8vbPv0tDvimo03D6ATsZlyEAqC0CLK21sJ4UJoIvyUTqzbbmO5VA/QA==",
      "peer": true,
      "engines": {
        "node": ">=18.18.0"
      },
      "peerDependencies": {
        "@ninjutsu-build/core": "^0.8.0"
      }
    },
    "node_modules/@types/node": {
      "version": "20.11.27",
      "resolved": "https://registry.npmjs.org/@types/node/-/node-20.11.27.tgz",
      "integrity": "sha512-qyUZfMnCg1KEz57r7pzFtSGt49f6RPkPBis3Vo4PbS7roQEDn22hiHzl/Lo1q4i4hDEgBJmBF/NTNg2XR0HbFg==",
      "dev": true,
      "dependencies": {
        "undici-types": "~5.26.4"
      }
    },
    "node_modules/typescript": {
      "version": "5.4.2",
      "resolved": "https://registry.npmjs.org/typescript/-/typescript-5.4.2.tgz",
      "integrity": "sha512-+2/g0Fds1ERlP6JsakQQDXjZdZMM+rqpamFZJEKh4kwTIn3iDkgKtby0CeNd5ATNZ4Ry1ax15TMx0W2V+miizQ==",
      "dev": true,
      "bin": {
        "tsc": "bin/tsc",
        "tsserver": "bin/tsserver"
      },
      "engines": {
        "node": ">=14.17"
      }
    },
    "node_modules/undici-types": {
      "version": "5.26.5",
      "resolved": "https://registry.npmjs.org/undici-types/-/undici-types-5.26.5.tgz",
      "integrity": "sha512-JlCMO+ehdEIKqlFxk6IfVoAUVmgz7cU7zD/h9XZ0qzeosSHmUJVOzSQvvYSYWXkFXC+IfLKSIffhv0sVZup6pA==",
      "dev": true
    }
  }
}
